// !$*UTF8*$!
{
	archiveVersion = 1;
	classes = {
	};
	objectVersion = 50;
	objects = {

/* Begin PBXBuildFile section */
		3D4E55A3263634DD00CA42EE /* PomoTimeApp.swift in Sources */ = {isa = PBXBuildFile; fileRef = 3D4E55A2263634DD00CA42EE /* PomoTimeApp.swift */; };
		3D4E55A5263634DD00CA42EE /* ContentView.swift in Sources */ = {isa = PBXBuildFile; fileRef = 3D4E55A4263634DD00CA42EE /* ContentView.swift */; };
		3D4E55A7263634DF00CA42EE /* Assets.xcassets in Resources */ = {isa = PBXBuildFile; fileRef = 3D4E55A6263634DF00CA42EE /* Assets.xcassets */; };
		3D4E55AA263634DF00CA42EE /* Preview Assets.xcassets in Resources */ = {isa = PBXBuildFile; fileRef = 3D4E55A9263634DF00CA42EE /* Preview Assets.xcassets */; };
		3D4E55B5263634DF00CA42EE /* PomoTimeTests.swift in Sources */ = {isa = PBXBuildFile; fileRef = 3D4E55B4263634DF00CA42EE /* PomoTimeTests.swift */; };
		3D4E55C0263634DF00CA42EE /* PomoTimeUITests.swift in Sources */ = {isa = PBXBuildFile; fileRef = 3D4E55BF263634DF00CA42EE /* PomoTimeUITests.swift */; };
		3D8771882638B1BC00159548 /* PomoView.swift in Sources */ = {isa = PBXBuildFile; fileRef = 3D8771872638B1BC00159548 /* PomoView.swift */; };
		3D87718D2638B1D200159548 /* ShortView.swift in Sources */ = {isa = PBXBuildFile; fileRef = 3D87718C2638B1D200159548 /* ShortView.swift */; };
		3D8771922638B1E000159548 /* LongView.swift in Sources */ = {isa = PBXBuildFile; fileRef = 3D8771912638B1E000159548 /* LongView.swift */; };
		3D87719D2638F65F00159548 /* Helpers.swift in Sources */ = {isa = PBXBuildFile; fileRef = 3D87719C2638F65F00159548 /* Helpers.swift */; };
		3D8771B1263908DF00159548 /* ContentViewModel.swift in Sources */ = {isa = PBXBuildFile; fileRef = 3D8771B0263908DF00159548 /* ContentViewModel.swift */; };
		3D8771B62639D05D00159548 /* Task.swift in Sources */ = {isa = PBXBuildFile; fileRef = 3D8771B52639D05D00159548 /* Task.swift */; };
		3D8771BB263C751600159548 /* ProgressView.swift in Sources */ = {isa = PBXBuildFile; fileRef = 3D8771BA263C751600159548 /* ProgressView.swift */; };
		3D8771C0263C7C6D00159548 /* PomoViewModel.swift in Sources */ = {isa = PBXBuildFile; fileRef = 3D8771BF263C7C6D00159548 /* PomoViewModel.swift */; };
		3D8771C5263C880B00159548 /* LaunchScreen.storyboard in Resources */ = {isa = PBXBuildFile; fileRef = 3D8771C4263C880B00159548 /* LaunchScreen.storyboard */; };
/* End PBXBuildFile section */

/* Begin PBXContainerItemProxy section */
		3D4E55B1263634DF00CA42EE /* PBXContainerItemProxy */ = {
			isa = PBXContainerItemProxy;
			containerPortal = 3D4E5597263634DD00CA42EE /* Project object */;
			proxyType = 1;
			remoteGlobalIDString = 3D4E559E263634DD00CA42EE;
			remoteInfo = PomoTime;
		};
		3D4E55BC263634DF00CA42EE /* PBXContainerItemProxy */ = {
			isa = PBXContainerItemProxy;
			containerPortal = 3D4E5597263634DD00CA42EE /* Project object */;
			proxyType = 1;
			remoteGlobalIDString = 3D4E559E263634DD00CA42EE;
			remoteInfo = PomoTime;
		};
/* End PBXContainerItemProxy section */

/* Begin PBXFileReference section */
		3D4E559F263634DD00CA42EE /* PomoTime.app */ = {isa = PBXFileReference; explicitFileType = wrapper.application; includeInIndex = 0; path = PomoTime.app; sourceTree = BUILT_PRODUCTS_DIR; };
		3D4E55A2263634DD00CA42EE /* PomoTimeApp.swift */ = {isa = PBXFileReference; lastKnownFileType = sourcecode.swift; path = PomoTimeApp.swift; sourceTree = "<group>"; };
		3D4E55A4263634DD00CA42EE /* ContentView.swift */ = {isa = PBXFileReference; lastKnownFileType = sourcecode.swift; path = ContentView.swift; sourceTree = "<group>"; };
		3D4E55A6263634DF00CA42EE /* Assets.xcassets */ = {isa = PBXFileReference; lastKnownFileType = folder.assetcatalog; path = Assets.xcassets; sourceTree = "<group>"; };
		3D4E55A9263634DF00CA42EE /* Preview Assets.xcassets */ = {isa = PBXFileReference; lastKnownFileType = folder.assetcatalog; path = "Preview Assets.xcassets"; sourceTree = "<group>"; };
		3D4E55AB263634DF00CA42EE /* Info.plist */ = {isa = PBXFileReference; lastKnownFileType = text.plist.xml; path = Info.plist; sourceTree = "<group>"; };
		3D4E55B0263634DF00CA42EE /* PomoTimeTests.xctest */ = {isa = PBXFileReference; explicitFileType = wrapper.cfbundle; includeInIndex = 0; path = PomoTimeTests.xctest; sourceTree = BUILT_PRODUCTS_DIR; };
		3D4E55B4263634DF00CA42EE /* PomoTimeTests.swift */ = {isa = PBXFileReference; lastKnownFileType = sourcecode.swift; path = PomoTimeTests.swift; sourceTree = "<group>"; };
		3D4E55B6263634DF00CA42EE /* Info.plist */ = {isa = PBXFileReference; lastKnownFileType = text.plist.xml; path = Info.plist; sourceTree = "<group>"; };
		3D4E55BB263634DF00CA42EE /* PomoTimeUITests.xctest */ = {isa = PBXFileReference; explicitFileType = wrapper.cfbundle; includeInIndex = 0; path = PomoTimeUITests.xctest; sourceTree = BUILT_PRODUCTS_DIR; };
		3D4E55BF263634DF00CA42EE /* PomoTimeUITests.swift */ = {isa = PBXFileReference; lastKnownFileType = sourcecode.swift; path = PomoTimeUITests.swift; sourceTree = "<group>"; };
		3D4E55C1263634DF00CA42EE /* Info.plist */ = {isa = PBXFileReference; lastKnownFileType = text.plist.xml; path = Info.plist; sourceTree = "<group>"; };
		3D8771872638B1BC00159548 /* PomoView.swift */ = {isa = PBXFileReference; lastKnownFileType = sourcecode.swift; path = PomoView.swift; sourceTree = "<group>"; };
		3D87718C2638B1D200159548 /* ShortView.swift */ = {isa = PBXFileReference; lastKnownFileType = sourcecode.swift; path = ShortView.swift; sourceTree = "<group>"; };
		3D8771912638B1E000159548 /* LongView.swift */ = {isa = PBXFileReference; lastKnownFileType = sourcecode.swift; path = LongView.swift; sourceTree = "<group>"; };
		3D87719C2638F65F00159548 /* Helpers.swift */ = {isa = PBXFileReference; lastKnownFileType = sourcecode.swift; path = Helpers.swift; sourceTree = "<group>"; };
		3D8771B0263908DF00159548 /* ContentViewModel.swift */ = {isa = PBXFileReference; lastKnownFileType = sourcecode.swift; path = ContentViewModel.swift; sourceTree = "<group>"; };
		3D8771B52639D05D00159548 /* Task.swift */ = {isa = PBXFileReference; lastKnownFileType = sourcecode.swift; path = Task.swift; sourceTree = "<group>"; };
		3D8771BA263C751600159548 /* ProgressView.swift */ = {isa = PBXFileReference; lastKnownFileType = sourcecode.swift; path = ProgressView.swift; sourceTree = "<group>"; };
		3D8771BF263C7C6D00159548 /* PomoViewModel.swift */ = {isa = PBXFileReference; lastKnownFileType = sourcecode.swift; path = PomoViewModel.swift; sourceTree = "<group>"; };
		3D8771C4263C880B00159548 /* LaunchScreen.storyboard */ = {isa = PBXFileReference; lastKnownFileType = file.storyboard; path = LaunchScreen.storyboard; sourceTree = "<group>"; };
/* End PBXFileReference section */

/* Begin PBXFrameworksBuildPhase section */
		3D4E559C263634DD00CA42EE /* Frameworks */ = {
			isa = PBXFrameworksBuildPhase;
			buildActionMask = 2147483647;
			files = (
			);
			runOnlyForDeploymentPostprocessing = 0;
		};
		3D4E55AD263634DF00CA42EE /* Frameworks */ = {
			isa = PBXFrameworksBuildPhase;
			buildActionMask = 2147483647;
			files = (
			);
			runOnlyForDeploymentPostprocessing = 0;
		};
		3D4E55B8263634DF00CA42EE /* Frameworks */ = {
			isa = PBXFrameworksBuildPhase;
			buildActionMask = 2147483647;
			files = (
			);
			runOnlyForDeploymentPostprocessing = 0;
		};
/* End PBXFrameworksBuildPhase section */

/* Begin PBXGroup section */
		3D4E5596263634DD00CA42EE = {
			isa = PBXGroup;
			children = (
				3D4E55A1263634DD00CA42EE /* PomoTime */,
				3D4E55B3263634DF00CA42EE /* PomoTimeTests */,
				3D4E55BE263634DF00CA42EE /* PomoTimeUITests */,
				3D4E55A0263634DD00CA42EE /* Products */,
			);
			sourceTree = "<group>";
		};
		3D4E55A0263634DD00CA42EE /* Products */ = {
			isa = PBXGroup;
			children = (
				3D4E559F263634DD00CA42EE /* PomoTime.app */,
				3D4E55B0263634DF00CA42EE /* PomoTimeTests.xctest */,
				3D4E55BB263634DF00CA42EE /* PomoTimeUITests.xctest */,
			);
			name = Products;
			sourceTree = "<group>";
		};
		3D4E55A1263634DD00CA42EE /* PomoTime */ = {
			isa = PBXGroup;
			children = (
				3D8771A42639017300159548 /* Helpers */,
				3D8771982638B20F00159548 /* View */,
				3D8771972638B20800159548 /* ViewModel */,
				3D8771962638B20200159548 /* Model */,
				3D4E55A2263634DD00CA42EE /* PomoTimeApp.swift */,
				3D4E55A6263634DF00CA42EE /* Assets.xcassets */,
				3D4E55AB263634DF00CA42EE /* Info.plist */,
				3D8771C4263C880B00159548 /* LaunchScreen.storyboard */,
				3D4E55A8263634DF00CA42EE /* Preview Content */,
			);
			path = PomoTime;
			sourceTree = "<group>";
		};
		3D4E55A8263634DF00CA42EE /* Preview Content */ = {
			isa = PBXGroup;
			children = (
				3D4E55A9263634DF00CA42EE /* Preview Assets.xcassets */,
			);
			path = "Preview Content";
			sourceTree = "<group>";
		};
		3D4E55B3263634DF00CA42EE /* PomoTimeTests */ = {
			isa = PBXGroup;
			children = (
				3D4E55B4263634DF00CA42EE /* PomoTimeTests.swift */,
				3D4E55B6263634DF00CA42EE /* Info.plist */,
			);
			path = PomoTimeTests;
			sourceTree = "<group>";
		};
		3D4E55BE263634DF00CA42EE /* PomoTimeUITests */ = {
			isa = PBXGroup;
			children = (
				3D4E55BF263634DF00CA42EE /* PomoTimeUITests.swift */,
				3D4E55C1263634DF00CA42EE /* Info.plist */,
			);
			path = PomoTimeUITests;
			sourceTree = "<group>";
		};
		3D8771962638B20200159548 /* Model */ = {
			isa = PBXGroup;
			children = (
				3D8771B52639D05D00159548 /* Task.swift */,
			);
			path = Model;
			sourceTree = "<group>";
		};
		3D8771972638B20800159548 /* ViewModel */ = {
			isa = PBXGroup;
			children = (
				3D8771B0263908DF00159548 /* ContentViewModel.swift */,
				3D8771BF263C7C6D00159548 /* PomoViewModel.swift */,
			);
			path = ViewModel;
			sourceTree = "<group>";
		};
		3D8771982638B20F00159548 /* View */ = {
			isa = PBXGroup;
			children = (
				3D4E55A4263634DD00CA42EE /* ContentView.swift */,
				3D8771872638B1BC00159548 /* PomoView.swift */,
				3D87718C2638B1D200159548 /* ShortView.swift */,
				3D8771912638B1E000159548 /* LongView.swift */,
				3D8771BA263C751600159548 /* ProgressView.swift */,
			);
			path = View;
			sourceTree = "<group>";
		};
		3D8771A42639017300159548 /* Helpers */ = {
			isa = PBXGroup;
			children = (
				3D87719C2638F65F00159548 /* Helpers.swift */,
			);
			path = Helpers;
			sourceTree = "<group>";
		};
/* End PBXGroup section */

/* Begin PBXNativeTarget section */
		3D4E559E263634DD00CA42EE /* PomoTime */ = {
			isa = PBXNativeTarget;
			buildConfigurationList = 3D4E55C4263634DF00CA42EE /* Build configuration list for PBXNativeTarget "PomoTime" */;
			buildPhases = (
				3D4E559B263634DD00CA42EE /* Sources */,
				3D4E559C263634DD00CA42EE /* Frameworks */,
				3D4E559D263634DD00CA42EE /* Resources */,
			);
			buildRules = (
			);
			dependencies = (
			);
			name = PomoTime;
			productName = PomoTime;
			productReference = 3D4E559F263634DD00CA42EE /* PomoTime.app */;
			productType = "com.apple.product-type.application";
		};
		3D4E55AF263634DF00CA42EE /* PomoTimeTests */ = {
			isa = PBXNativeTarget;
			buildConfigurationList = 3D4E55C7263634DF00CA42EE /* Build configuration list for PBXNativeTarget "PomoTimeTests" */;
			buildPhases = (
				3D4E55AC263634DF00CA42EE /* Sources */,
				3D4E55AD263634DF00CA42EE /* Frameworks */,
				3D4E55AE263634DF00CA42EE /* Resources */,
			);
			buildRules = (
			);
			dependencies = (
				3D4E55B2263634DF00CA42EE /* PBXTargetDependency */,
			);
			name = PomoTimeTests;
			productName = PomoTimeTests;
			productReference = 3D4E55B0263634DF00CA42EE /* PomoTimeTests.xctest */;
			productType = "com.apple.product-type.bundle.unit-test";
		};
		3D4E55BA263634DF00CA42EE /* PomoTimeUITests */ = {
			isa = PBXNativeTarget;
			buildConfigurationList = 3D4E55CA263634DF00CA42EE /* Build configuration list for PBXNativeTarget "PomoTimeUITests" */;
			buildPhases = (
				3D4E55B7263634DF00CA42EE /* Sources */,
				3D4E55B8263634DF00CA42EE /* Frameworks */,
				3D4E55B9263634DF00CA42EE /* Resources */,
			);
			buildRules = (
			);
			dependencies = (
				3D4E55BD263634DF00CA42EE /* PBXTargetDependency */,
			);
			name = PomoTimeUITests;
			productName = PomoTimeUITests;
			productReference = 3D4E55BB263634DF00CA42EE /* PomoTimeUITests.xctest */;
			productType = "com.apple.product-type.bundle.ui-testing";
		};
/* End PBXNativeTarget section */

/* Begin PBXProject section */
		3D4E5597263634DD00CA42EE /* Project object */ = {
			isa = PBXProject;
			attributes = {
				LastSwiftUpdateCheck = 1240;
				LastUpgradeCheck = 1240;
				TargetAttributes = {
					3D4E559E263634DD00CA42EE = {
						CreatedOnToolsVersion = 12.4;
					};
					3D4E55AF263634DF00CA42EE = {
						CreatedOnToolsVersion = 12.4;
						TestTargetID = 3D4E559E263634DD00CA42EE;
					};
					3D4E55BA263634DF00CA42EE = {
						CreatedOnToolsVersion = 12.4;
						TestTargetID = 3D4E559E263634DD00CA42EE;
					};
				};
			};
			buildConfigurationList = 3D4E559A263634DD00CA42EE /* Build configuration list for PBXProject "PomoTime" */;
			compatibilityVersion = "Xcode 9.3";
			developmentRegion = en;
			hasScannedForEncodings = 0;
			knownRegions = (
				en,
				Base,
			);
			mainGroup = 3D4E5596263634DD00CA42EE;
			productRefGroup = 3D4E55A0263634DD00CA42EE /* Products */;
			projectDirPath = "";
			projectRoot = "";
			targets = (
				3D4E559E263634DD00CA42EE /* PomoTime */,
				3D4E55AF263634DF00CA42EE /* PomoTimeTests */,
				3D4E55BA263634DF00CA42EE /* PomoTimeUITests */,
			);
		};
/* End PBXProject section */

/* Begin PBXResourcesBuildPhase section */
		3D4E559D263634DD00CA42EE /* Resources */ = {
			isa = PBXResourcesBuildPhase;
			buildActionMask = 2147483647;
			files = (
				3D8771C5263C880B00159548 /* LaunchScreen.storyboard in Resources */,
				3D4E55AA263634DF00CA42EE /* Preview Assets.xcassets in Resources */,
				3D4E55A7263634DF00CA42EE /* Assets.xcassets in Resources */,
			);
			runOnlyForDeploymentPostprocessing = 0;
		};
		3D4E55AE263634DF00CA42EE /* Resources */ = {
			isa = PBXResourcesBuildPhase;
			buildActionMask = 2147483647;
			files = (
			);
			runOnlyForDeploymentPostprocessing = 0;
		};
		3D4E55B9263634DF00CA42EE /* Resources */ = {
			isa = PBXResourcesBuildPhase;
			buildActionMask = 2147483647;
			files = (
			);
			runOnlyForDeploymentPostprocessing = 0;
		};
/* End PBXResourcesBuildPhase section */

/* Begin PBXSourcesBuildPhase section */
		3D4E559B263634DD00CA42EE /* Sources */ = {
			isa = PBXSourcesBuildPhase;
			buildActionMask = 2147483647;
			files = (
				3D8771B62639D05D00159548 /* Task.swift in Sources */,
				3D8771882638B1BC00159548 /* PomoView.swift in Sources */,
				3D87719D2638F65F00159548 /* Helpers.swift in Sources */,
				3D87718D2638B1D200159548 /* ShortView.swift in Sources */,
				3D8771B1263908DF00159548 /* ContentViewModel.swift in Sources */,
				3D4E55A5263634DD00CA42EE /* ContentView.swift in Sources */,
				3D4E55A3263634DD00CA42EE /* PomoTimeApp.swift in Sources */,
				3D8771922638B1E000159548 /* LongView.swift in Sources */,
				3D8771BB263C751600159548 /* ProgressView.swift in Sources */,
				3D8771C0263C7C6D00159548 /* PomoViewModel.swift in Sources */,
			);
			runOnlyForDeploymentPostprocessing = 0;
		};
		3D4E55AC263634DF00CA42EE /* Sources */ = {
			isa = PBXSourcesBuildPhase;
			buildActionMask = 2147483647;
			files = (
				3D4E55B5263634DF00CA42EE /* PomoTimeTests.swift in Sources */,
			);
			runOnlyForDeploymentPostprocessing = 0;
		};
		3D4E55B7263634DF00CA42EE /* Sources */ = {
			isa = PBXSourcesBuildPhase;
			buildActionMask = 2147483647;
			files = (
				3D4E55C0263634DF00CA42EE /* PomoTimeUITests.swift in Sources */,
			);
			runOnlyForDeploymentPostprocessing = 0;
		};
/* End PBXSourcesBuildPhase section */

/* Begin PBXTargetDependency section */
		3D4E55B2263634DF00CA42EE /* PBXTargetDependency */ = {
			isa = PBXTargetDependency;
			target = 3D4E559E263634DD00CA42EE /* PomoTime */;
			targetProxy = 3D4E55B1263634DF00CA42EE /* PBXContainerItemProxy */;
		};
		3D4E55BD263634DF00CA42EE /* PBXTargetDependency */ = {
			isa = PBXTargetDependency;
			target = 3D4E559E263634DD00CA42EE /* PomoTime */;
			targetProxy = 3D4E55BC263634DF00CA42EE /* PBXContainerItemProxy */;
		};
/* End PBXTargetDependency section */

/* Begin XCBuildConfiguration section */
		3D4E55C2263634DF00CA42EE /* Debug */ = {
			isa = XCBuildConfiguration;
			buildSettings = {
				ALWAYS_SEARCH_USER_PATHS = NO;
				CLANG_ANALYZER_NONNULL = YES;
				CLANG_ANALYZER_NUMBER_OBJECT_CONVERSION = YES_AGGRESSIVE;
				CLANG_CXX_LANGUAGE_STANDARD = "gnu++14";
				CLANG_CXX_LIBRARY = "libc++";
				CLANG_ENABLE_MODULES = YES;
				CLANG_ENABLE_OBJC_ARC = YES;
				CLANG_ENABLE_OBJC_WEAK = YES;
				CLANG_WARN_BLOCK_CAPTURE_AUTORELEASING = YES;
				CLANG_WARN_BOOL_CONVERSION = YES;
				CLANG_WARN_COMMA = YES;
				CLANG_WARN_CONSTANT_CONVERSION = YES;
				CLANG_WARN_DEPRECATED_OBJC_IMPLEMENTATIONS = YES;
				CLANG_WARN_DIRECT_OBJC_ISA_USAGE = YES_ERROR;
				CLANG_WARN_DOCUMENTATION_COMMENTS = YES;
				CLANG_WARN_EMPTY_BODY = YES;
				CLANG_WARN_ENUM_CONVERSION = YES;
				CLANG_WARN_INFINITE_RECURSION = YES;
				CLANG_WARN_INT_CONVERSION = YES;
				CLANG_WARN_NON_LITERAL_NULL_CONVERSION = YES;
				CLANG_WARN_OBJC_IMPLICIT_RETAIN_SELF = YES;
				CLANG_WARN_OBJC_LITERAL_CONVERSION = YES;
				CLANG_WARN_OBJC_ROOT_CLASS = YES_ERROR;
				CLANG_WARN_QUOTED_INCLUDE_IN_FRAMEWORK_HEADER = YES;
				CLANG_WARN_RANGE_LOOP_ANALYSIS = YES;
				CLANG_WARN_STRICT_PROTOTYPES = YES;
				CLANG_WARN_SUSPICIOUS_MOVE = YES;
				CLANG_WARN_UNGUARDED_AVAILABILITY = YES_AGGRESSIVE;
				CLANG_WARN_UNREACHABLE_CODE = YES;
				CLANG_WARN__DUPLICATE_METHOD_MATCH = YES;
				COPY_PHASE_STRIP = NO;
				DEBUG_INFORMATION_FORMAT = dwarf;
				ENABLE_STRICT_OBJC_MSGSEND = YES;
				ENABLE_TESTABILITY = YES;
				GCC_C_LANGUAGE_STANDARD = gnu11;
				GCC_DYNAMIC_NO_PIC = NO;
				GCC_NO_COMMON_BLOCKS = YES;
				GCC_OPTIMIZATION_LEVEL = 0;
				GCC_PREPROCESSOR_DEFINITIONS = (
					"DEBUG=1",
					"$(inherited)",
				);
				GCC_WARN_64_TO_32_BIT_CONVERSION = YES;
				GCC_WARN_ABOUT_RETURN_TYPE = YES_ERROR;
				GCC_WARN_UNDECLARED_SELECTOR = YES;
				GCC_WARN_UNINITIALIZED_AUTOS = YES_AGGRESSIVE;
				GCC_WARN_UNUSED_FUNCTION = YES;
				GCC_WARN_UNUSED_VARIABLE = YES;
				IPHONEOS_DEPLOYMENT_TARGET = 14.4;
				MTL_ENABLE_DEBUG_INFO = INCLUDE_SOURCE;
				MTL_FAST_MATH = YES;
				ONLY_ACTIVE_ARCH = YES;
				SDKROOT = iphoneos;
				SWIFT_ACTIVE_COMPILATION_CONDITIONS = DEBUG;
				SWIFT_OPTIMIZATION_LEVEL = "-Onone";
			};
			name = Debug;
		};
		3D4E55C3263634DF00CA42EE /* Release */ = {
			isa = XCBuildConfiguration;
			buildSettings = {
				ALWAYS_SEARCH_USER_PATHS = NO;
				CLANG_ANALYZER_NONNULL = YES;
				CLANG_ANALYZER_NUMBER_OBJECT_CONVERSION = YES_AGGRESSIVE;
				CLANG_CXX_LANGUAGE_STANDARD = "gnu++14";
				CLANG_CXX_LIBRARY = "libc++";
				CLANG_ENABLE_MODULES = YES;
				CLANG_ENABLE_OBJC_ARC = YES;
				CLANG_ENABLE_OBJC_WEAK = YES;
				CLANG_WARN_BLOCK_CAPTURE_AUTORELEASING = YES;
				CLANG_WARN_BOOL_CONVERSION = YES;
				CLANG_WARN_COMMA = YES;
				CLANG_WARN_CONSTANT_CONVERSION = YES;
				CLANG_WARN_DEPRECATED_OBJC_IMPLEMENTATIONS = YES;
				CLANG_WARN_DIRECT_OBJC_ISA_USAGE = YES_ERROR;
				CLANG_WARN_DOCUMENTATION_COMMENTS = YES;
				CLANG_WARN_EMPTY_BODY = YES;
				CLANG_WARN_ENUM_CONVERSION = YES;
				CLANG_WARN_INFINITE_RECURSION = YES;
				CLANG_WARN_INT_CONVERSION = YES;
				CLANG_WARN_NON_LITERAL_NULL_CONVERSION = YES;
				CLANG_WARN_OBJC_IMPLICIT_RETAIN_SELF = YES;
				CLANG_WARN_OBJC_LITERAL_CONVERSION = YES;
				CLANG_WARN_OBJC_ROOT_CLASS = YES_ERROR;
				CLANG_WARN_QUOTED_INCLUDE_IN_FRAMEWORK_HEADER = YES;
				CLANG_WARN_RANGE_LOOP_ANALYSIS = YES;
				CLANG_WARN_STRICT_PROTOTYPES = YES;
				CLANG_WARN_SUSPICIOUS_MOVE = YES;
				CLANG_WARN_UNGUARDED_AVAILABILITY = YES_AGGRESSIVE;
				CLANG_WARN_UNREACHABLE_CODE = YES;
				CLANG_WARN__DUPLICATE_METHOD_MATCH = YES;
				COPY_PHASE_STRIP = NO;
				DEBUG_INFORMATION_FORMAT = "dwarf-with-dsym";
				ENABLE_NS_ASSERTIONS = NO;
				ENABLE_STRICT_OBJC_MSGSEND = YES;
				GCC_C_LANGUAGE_STANDARD = gnu11;
				GCC_NO_COMMON_BLOCKS = YES;
				GCC_WARN_64_TO_32_BIT_CONVERSION = YES;
				GCC_WARN_ABOUT_RETURN_TYPE = YES_ERROR;
				GCC_WARN_UNDECLARED_SELECTOR = YES;
				GCC_WARN_UNINITIALIZED_AUTOS = YES_AGGRESSIVE;
				GCC_WARN_UNUSED_FUNCTION = YES;
				GCC_WARN_UNUSED_VARIABLE = YES;
				IPHONEOS_DEPLOYMENT_TARGET = 14.4;
				MTL_ENABLE_DEBUG_INFO = NO;
				MTL_FAST_MATH = YES;
				SDKROOT = iphoneos;
				SWIFT_COMPILATION_MODE = wholemodule;
				SWIFT_OPTIMIZATION_LEVEL = "-O";
				VALIDATE_PRODUCT = YES;
			};
			name = Release;
		};
		3D4E55C5263634DF00CA42EE /* Debug */ = {
			isa = XCBuildConfiguration;
			buildSettings = {
				ASSETCATALOG_COMPILER_APPICON_NAME = AppIcon;
				ASSETCATALOG_COMPILER_GLOBAL_ACCENT_COLOR_NAME = AccentColor;
				CODE_SIGN_STYLE = Automatic;
				DEVELOPMENT_ASSET_PATHS = "\"PomoTime/Preview Content\"";
				DEVELOPMENT_TEAM = BD28NRDFP3;
				ENABLE_PREVIEWS = YES;
				INFOPLIST_FILE = PomoTime/Info.plist;
				IPHONEOS_DEPLOYMENT_TARGET = 14.0;
				LD_RUNPATH_SEARCH_PATHS = (
					"$(inherited)",
					"@executable_path/Frameworks",
				);
				PRODUCT_BUNDLE_IDENTIFIER = com.samuelobe.PomoTime;
				PRODUCT_NAME = "$(TARGET_NAME)";
				SWIFT_VERSION = 5.0;
				TARGETED_DEVICE_FAMILY = "1,2";
			};
			name = Debug;
		};
		3D4E55C6263634DF00CA42EE /* Release */ = {
			isa = XCBuildConfiguration;
			buildSettings = {
				ASSETCATALOG_COMPILER_APPICON_NAME = AppIcon;
				ASSETCATALOG_COMPILER_GLOBAL_ACCENT_COLOR_NAME = AccentColor;
				CODE_SIGN_STYLE = Automatic;
				DEVELOPMENT_ASSET_PATHS = "\"PomoTime/Preview Content\"";
				DEVELOPMENT_TEAM = BD28NRDFP3;
				ENABLE_PREVIEWS = YES;
				INFOPLIST_FILE = PomoTime/Info.plist;
				IPHONEOS_DEPLOYMENT_TARGET = 14.0;
				LD_RUNPATH_SEARCH_PATHS = (
					"$(inherited)",
					"@executable_path/Frameworks",
				);
				PRODUCT_BUNDLE_IDENTIFIER = com.samuelobe.PomoTime;
				PRODUCT_NAME = "$(TARGET_NAME)";
				SWIFT_VERSION = 5.0;
				TARGETED_DEVICE_FAMILY = "1,2";
			};
			name = Release;
		};
		3D4E55C8263634DF00CA42EE /* Debug */ = {
			isa = XCBuildConfiguration;
			buildSettings = {
				ALWAYS_EMBED_SWIFT_STANDARD_LIBRARIES = YES;
				BUNDLE_LOADER = "$(TEST_HOST)";
				CODE_SIGN_STYLE = Automatic;
				DEVELOPMENT_TEAM = BD28NRDFP3;
				INFOPLIST_FILE = PomoTimeTests/Info.plist;
				IPHONEOS_DEPLOYMENT_TARGET = 14.0;
				LD_RUNPATH_SEARCH_PATHS = (
					"$(inherited)",
					"@executable_path/Frameworks",
					"@loader_path/Frameworks",
				);
				PRODUCT_BUNDLE_IDENTIFIER = com.samuelobe.PomoTimeTests;
				PRODUCT_NAME = "$(TARGET_NAME)";
				SWIFT_VERSION = 5.0;
				TARGETED_DEVICE_FAMILY = "1,2";
				TEST_HOST = "$(BUILT_PRODUCTS_DIR)/PomoTime.app/PomoTime";
			};
			name = Debug;
		};
		3D4E55C9263634DF00CA42EE /* Release */ = {
			isa = XCBuildConfiguration;
			buildSettings = {
				ALWAYS_EMBED_SWIFT_STANDARD_LIBRARIES = YES;
				BUNDLE_LOADER = "$(TEST_HOST)";
				CODE_SIGN_STYLE = Automatic;
				DEVELOPMENT_TEAM = BD28NRDFP3;
				INFOPLIST_FILE = PomoTimeTests/Info.plist;
				IPHONEOS_DEPLOYMENT_TARGET = 14.0;
				LD_RUNPATH_SEARCH_PATHS = (
					"$(inherited)",
					"@executable_path/Frameworks",
					"@loader_path/Frameworks",
				);
				PRODUCT_BUNDLE_IDENTIFIER = com.samuelobe.PomoTimeTests;
				PRODUCT_NAME = "$(TARGET_NAME)";
				SWIFT_VERSION = 5.0;
				TARGETED_DEVICE_FAMILY = "1,2";
				TEST_HOST = "$(BUILT_PRODUCTS_DIR)/PomoTime.app/PomoTime";
			};
			name = Release;
		};
		3D4E55CB263634DF00CA42EE /* Debug */ = {
			isa = XCBuildConfiguration;
			buildSettings = {
				ALWAYS_EMBED_SWIFT_STANDARD_LIBRARIES = YES;
				CODE_SIGN_STYLE = Automatic;
				DEVELOPMENT_TEAM = BD28NRDFP3;
				INFOPLIST_FILE = PomoTimeUITests/Info.plist;
				LD_RUNPATH_SEARCH_PATHS = (
					"$(inherited)",
					"@executable_path/Frameworks",
					"@loader_path/Frameworks",
				);
				PRODUCT_BUNDLE_IDENTIFIER = com.samuelobe.PomoTimeUITests;
				PRODUCT_NAME = "$(TARGET_NAME)";
				SWIFT_VERSION = 5.0;
				TARGETED_DEVICE_FAMILY = "1,2";
				TEST_TARGET_NAME = PomoTime;
			};
			name = Debug;
		};
		3D4E55CC263634DF00CA42EE /* Release */ = {
			isa = XCBuildConfiguration;
			buildSettings = {
				ALWAYS_EMBED_SWIFT_STANDARD_LIBRARIES = YES;
				CODE_SIGN_STYLE = Automatic;
				DEVELOPMENT_TEAM = BD28NRDFP3;
				INFOPLIST_FILE = PomoTimeUITests/Info.plist;
				LD_RUNPATH_SEARCH_PATHS = (
					"$(inherited)",
					"@executable_path/Frameworks",
					"@loader_path/Frameworks",
				);
				PRODUCT_BUNDLE_IDENTIFIER = com.samuelobe.PomoTimeUITests;
				PRODUCT_NAME = "$(TARGET_NAME)";
				SWIFT_VERSION = 5.0;
				TARGETED_DEVICE_FAMILY = "1,2";
				TEST_TARGET_NAME = PomoTime;
			};
			name = Release;
		};
/* End XCBuildConfiguration section */

/* Begin XCConfigurationList section */
		3D4E559A263634DD00CA42EE /* Build configuration list for PBXProject "PomoTime" */ = {
			isa = XCConfigurationList;
			buildConfigurations = (
				3D4E55C2263634DF00CA42EE /* Debug */,
				3D4E55C3263634DF00CA42EE /* Release */,
			);
			defaultConfigurationIsVisible = 0;
			defaultConfigurationName = Release;
		};
		3D4E55C4263634DF00CA42EE /* Build configuration list for PBXNativeTarget "PomoTime" */ = {
			isa = XCConfigurationList;
			buildConfigurations = (
				3D4E55C5263634DF00CA42EE /* Debug */,
				3D4E55C6263634DF00CA42EE /* Release */,
			);
			defaultConfigurationIsVisible = 0;
			defaultConfigurationName = Release;
		};
		3D4E55C7263634DF00CA42EE /* Build configuration list for PBXNativeTarget "PomoTimeTests" */ = {
			isa = XCConfigurationList;
			buildConfigurations = (
				3D4E55C8263634DF00CA42EE /* Debug */,
				3D4E55C9263634DF00CA42EE /* Release */,
			);
			defaultConfigurationIsVisible = 0;
			defaultConfigurationName = Release;
		};
		3D4E55CA263634DF00CA42EE /* Build configuration list for PBXNativeTarget "PomoTimeUITests" */ = {
			isa = XCConfigurationList;
			buildConfigurations = (
				3D4E55CB263634DF00CA42EE /* Debug */,
				3D4E55CC263634DF00CA42EE /* Release */,
			);
			defaultConfigurationIsVisible = 0;
			defaultConfigurationName = Release;
		};
/* End XCConfigurationList section */
	};
	rootObject = 3D4E5597263634DD00CA42EE /* Project object */;
}
